// !$*UTF8*$!
{
	archiveVersion = 1;
	classes = {
	};
	objectVersion = 51;
	objects = {

/* Begin PBXBuildFile section */
		308A7A0ECABFF396224F6C08 /* Pods_diary_appTests.framework in Frameworks */ = {isa = PBXBuildFile; fileRef = 80D5E26D548E5AB62DA5F157 /* Pods_diary_appTests.framework */; };
		704B009927FF2C8D006B3E2D /* TextFieldCell.swift in Sources */ = {isa = PBXBuildFile; fileRef = 704B009727FF2C8D006B3E2D /* TextFieldCell.swift */; };
		704B009A27FF2C8D006B3E2D /* TextFieldCell.xib in Resources */ = {isa = PBXBuildFile; fileRef = 704B009827FF2C8D006B3E2D /* TextFieldCell.xib */; };
		704CCE292707FF0600565CDC /* DiaryModel.swift in Sources */ = {isa = PBXBuildFile; fileRef = 704CCE282707FF0600565CDC /* DiaryModel.swift */; };
		708AD3932709D822002D5201 /* PostDiaryModel.swift in Sources */ = {isa = PBXBuildFile; fileRef = 708AD3922709D822002D5201 /* PostDiaryModel.swift */; };
		709F88D62625A1B30058DCA6 /* NextViewController.swift in Sources */ = {isa = PBXBuildFile; fileRef = 709F88D52625A1B30058DCA6 /* NextViewController.swift */; };
		70BBE34427E97B2300C9BA09 /* Photo.swift in Sources */ = {isa = PBXBuildFile; fileRef = 70BBE34327E97B2300C9BA09 /* Photo.swift */; };
		70C3B17D27FAC5DF00E2A320 /* ImageViewController.swift in Sources */ = {isa = PBXBuildFile; fileRef = 70C3B17C27FAC5DF00E2A320 /* ImageViewController.swift */; };
		70C945DD26257A270074F829 /* AppDelegate.swift in Sources */ = {isa = PBXBuildFile; fileRef = 70C945DC26257A270074F829 /* AppDelegate.swift */; };
		70C945DF26257A270074F829 /* SceneDelegate.swift in Sources */ = {isa = PBXBuildFile; fileRef = 70C945DE26257A270074F829 /* SceneDelegate.swift */; };
		70C945E126257A270074F829 /* ViewController.swift in Sources */ = {isa = PBXBuildFile; fileRef = 70C945E026257A270074F829 /* ViewController.swift */; };
		70C945E426257A270074F829 /* Main.storyboard in Resources */ = {isa = PBXBuildFile; fileRef = 70C945E226257A270074F829 /* Main.storyboard */; };
		70C945E626257A2C0074F829 /* Assets.xcassets in Resources */ = {isa = PBXBuildFile; fileRef = 70C945E526257A2C0074F829 /* Assets.xcassets */; };
		70C945E926257A2C0074F829 /* LaunchScreen.storyboard in Resources */ = {isa = PBXBuildFile; fileRef = 70C945E726257A2C0074F829 /* LaunchScreen.storyboard */; };
		70C945F426257A2C0074F829 /* diary_appTests.swift in Sources */ = {isa = PBXBuildFile; fileRef = 70C945F326257A2C0074F829 /* diary_appTests.swift */; };
		70C945FF26257A2C0074F829 /* diary_appUITests.swift in Sources */ = {isa = PBXBuildFile; fileRef = 70C945FE26257A2C0074F829 /* diary_appUITests.swift */; };
		70E5DFDC27E39C2900271067 /* extension.swift in Sources */ = {isa = PBXBuildFile; fileRef = 70E5DFDB27E39C2900271067 /* extension.swift */; };
		78E9E8C8ED890B5DD42F77EA /* Pods_diary_app_diary_appUITests.framework in Frameworks */ = {isa = PBXBuildFile; fileRef = EE96CBF35F16E29BC5CCEBD6 /* Pods_diary_app_diary_appUITests.framework */; };
		D25B8FFC2A91FBE52011237C /* Pods_diary_app.framework in Frameworks */ = {isa = PBXBuildFile; fileRef = 57A5B598EF1561F30AAEC2E4 /* Pods_diary_app.framework */; };
/* End PBXBuildFile section */

/* Begin PBXContainerItemProxy section */
		70C945F026257A2C0074F829 /* PBXContainerItemProxy */ = {
			isa = PBXContainerItemProxy;
			containerPortal = 70C945D126257A270074F829 /* Project object */;
			proxyType = 1;
			remoteGlobalIDString = 70C945D826257A270074F829;
			remoteInfo = "diary-app";
		};
		70C945FB26257A2C0074F829 /* PBXContainerItemProxy */ = {
			isa = PBXContainerItemProxy;
			containerPortal = 70C945D126257A270074F829 /* Project object */;
			proxyType = 1;
			remoteGlobalIDString = 70C945D826257A270074F829;
			remoteInfo = "diary-app";
		};
/* End PBXContainerItemProxy section */

/* Begin PBXFileReference section */
		266706B06A0C1544037B7E41 /* Pods-diary-app.debug.xcconfig */ = {isa = PBXFileReference; includeInIndex = 1; lastKnownFileType = text.xcconfig; name = "Pods-diary-app.debug.xcconfig"; path = "Target Support Files/Pods-diary-app/Pods-diary-app.debug.xcconfig"; sourceTree = "<group>"; };
		57A5B598EF1561F30AAEC2E4 /* Pods_diary_app.framework */ = {isa = PBXFileReference; explicitFileType = wrapper.framework; includeInIndex = 0; path = Pods_diary_app.framework; sourceTree = BUILT_PRODUCTS_DIR; };
		6C34FABDF3E9FDD5B85E0E74 /* Pods-diary-app.release.xcconfig */ = {isa = PBXFileReference; includeInIndex = 1; lastKnownFileType = text.xcconfig; name = "Pods-diary-app.release.xcconfig"; path = "Target Support Files/Pods-diary-app/Pods-diary-app.release.xcconfig"; sourceTree = "<group>"; };
		704B009727FF2C8D006B3E2D /* TextFieldCell.swift */ = {isa = PBXFileReference; lastKnownFileType = sourcecode.swift; path = TextFieldCell.swift; sourceTree = "<group>"; };
		704B009827FF2C8D006B3E2D /* TextFieldCell.xib */ = {isa = PBXFileReference; lastKnownFileType = file.xib; path = TextFieldCell.xib; sourceTree = "<group>"; };
		704CCE282707FF0600565CDC /* DiaryModel.swift */ = {isa = PBXFileReference; lastKnownFileType = sourcecode.swift; path = DiaryModel.swift; sourceTree = "<group>"; };
		704E56E32782E18600E52E45 /* ja */ = {isa = PBXFileReference; lastKnownFileType = text.plist.strings; name = ja; path = ja.lproj/Main.strings; sourceTree = "<group>"; };
		704E56E42782E18600E52E45 /* ja */ = {isa = PBXFileReference; lastKnownFileType = text.plist.strings; name = ja; path = ja.lproj/LaunchScreen.strings; sourceTree = "<group>"; };
		7062E6B301E03B09A8FA14FE /* Pods-diary-app-diary-appUITests.debug.xcconfig */ = {isa = PBXFileReference; includeInIndex = 1; lastKnownFileType = text.xcconfig; name = "Pods-diary-app-diary-appUITests.debug.xcconfig"; path = "Target Support Files/Pods-diary-app-diary-appUITests/Pods-diary-app-diary-appUITests.debug.xcconfig"; sourceTree = "<group>"; };
		708AD3922709D822002D5201 /* PostDiaryModel.swift */ = {isa = PBXFileReference; lastKnownFileType = sourcecode.swift; path = PostDiaryModel.swift; sourceTree = "<group>"; };
		709F88D52625A1B30058DCA6 /* NextViewController.swift */ = {isa = PBXFileReference; lastKnownFileType = sourcecode.swift; path = NextViewController.swift; sourceTree = "<group>"; };
		70BBE34327E97B2300C9BA09 /* Photo.swift */ = {isa = PBXFileReference; lastKnownFileType = sourcecode.swift; path = Photo.swift; sourceTree = "<group>"; };
		70C3B17C27FAC5DF00E2A320 /* ImageViewController.swift */ = {isa = PBXFileReference; lastKnownFileType = sourcecode.swift; path = ImageViewController.swift; sourceTree = "<group>"; };
		70C945D926257A270074F829 /* diary-app.app */ = {isa = PBXFileReference; explicitFileType = wrapper.application; includeInIndex = 0; path = "diary-app.app"; sourceTree = BUILT_PRODUCTS_DIR; };
		70C945DC26257A270074F829 /* AppDelegate.swift */ = {isa = PBXFileReference; lastKnownFileType = sourcecode.swift; path = AppDelegate.swift; sourceTree = "<group>"; };
		70C945DE26257A270074F829 /* SceneDelegate.swift */ = {isa = PBXFileReference; lastKnownFileType = sourcecode.swift; path = SceneDelegate.swift; sourceTree = "<group>"; };
		70C945E026257A270074F829 /* ViewController.swift */ = {isa = PBXFileReference; lastKnownFileType = sourcecode.swift; path = ViewController.swift; sourceTree = "<group>"; };
		70C945E326257A270074F829 /* Base */ = {isa = PBXFileReference; lastKnownFileType = file.storyboard; name = Base; path = Base.lproj/Main.storyboard; sourceTree = "<group>"; };
		70C945E526257A2C0074F829 /* Assets.xcassets */ = {isa = PBXFileReference; lastKnownFileType = folder.assetcatalog; path = Assets.xcassets; sourceTree = "<group>"; };
		70C945E826257A2C0074F829 /* Base */ = {isa = PBXFileReference; lastKnownFileType = file.storyboard; name = Base; path = Base.lproj/LaunchScreen.storyboard; sourceTree = "<group>"; };
		70C945EA26257A2C0074F829 /* Info.plist */ = {isa = PBXFileReference; lastKnownFileType = text.plist.xml; path = Info.plist; sourceTree = "<group>"; };
		70C945EF26257A2C0074F829 /* diary-appTests.xctest */ = {isa = PBXFileReference; explicitFileType = wrapper.cfbundle; includeInIndex = 0; path = "diary-appTests.xctest"; sourceTree = BUILT_PRODUCTS_DIR; };
		70C945F326257A2C0074F829 /* diary_appTests.swift */ = {isa = PBXFileReference; lastKnownFileType = sourcecode.swift; path = diary_appTests.swift; sourceTree = "<group>"; };
		70C945F526257A2C0074F829 /* Info.plist */ = {isa = PBXFileReference; lastKnownFileType = text.plist.xml; path = Info.plist; sourceTree = "<group>"; };
		70C945FA26257A2C0074F829 /* diary-appUITests.xctest */ = {isa = PBXFileReference; explicitFileType = wrapper.cfbundle; includeInIndex = 0; path = "diary-appUITests.xctest"; sourceTree = BUILT_PRODUCTS_DIR; };
		70C945FE26257A2C0074F829 /* diary_appUITests.swift */ = {isa = PBXFileReference; lastKnownFileType = sourcecode.swift; path = diary_appUITests.swift; sourceTree = "<group>"; };
		70C9460026257A2C0074F829 /* Info.plist */ = {isa = PBXFileReference; lastKnownFileType = text.plist.xml; path = Info.plist; sourceTree = "<group>"; };
		70E5DFDB27E39C2900271067 /* extension.swift */ = {isa = PBXFileReference; lastKnownFileType = sourcecode.swift; path = extension.swift; sourceTree = "<group>"; };
		80D5E26D548E5AB62DA5F157 /* Pods_diary_appTests.framework */ = {isa = PBXFileReference; explicitFileType = wrapper.framework; includeInIndex = 0; path = Pods_diary_appTests.framework; sourceTree = BUILT_PRODUCTS_DIR; };
		9DE27A5FBEE87A6CE67BCF5B /* Pods-diary-appTests.release.xcconfig */ = {isa = PBXFileReference; includeInIndex = 1; lastKnownFileType = text.xcconfig; name = "Pods-diary-appTests.release.xcconfig"; path = "Target Support Files/Pods-diary-appTests/Pods-diary-appTests.release.xcconfig"; sourceTree = "<group>"; };
		BFF2F5E1F1176CD379DCB460 /* Pods-diary-appTests.debug.xcconfig */ = {isa = PBXFileReference; includeInIndex = 1; lastKnownFileType = text.xcconfig; name = "Pods-diary-appTests.debug.xcconfig"; path = "Target Support Files/Pods-diary-appTests/Pods-diary-appTests.debug.xcconfig"; sourceTree = "<group>"; };
		E19638D2C34CD0228DE84FE9 /* Pods-diary-app-diary-appUITests.release.xcconfig */ = {isa = PBXFileReference; includeInIndex = 1; lastKnownFileType = text.xcconfig; name = "Pods-diary-app-diary-appUITests.release.xcconfig"; path = "Target Support Files/Pods-diary-app-diary-appUITests/Pods-diary-app-diary-appUITests.release.xcconfig"; sourceTree = "<group>"; };
		EE96CBF35F16E29BC5CCEBD6 /* Pods_diary_app_diary_appUITests.framework */ = {isa = PBXFileReference; explicitFileType = wrapper.framework; includeInIndex = 0; path = Pods_diary_app_diary_appUITests.framework; sourceTree = BUILT_PRODUCTS_DIR; };
/* End PBXFileReference section */

/* Begin PBXFrameworksBuildPhase section */
		70C945D626257A270074F829 /* Frameworks */ = {
			isa = PBXFrameworksBuildPhase;
			buildActionMask = 2147483647;
			files = (
				D25B8FFC2A91FBE52011237C /* Pods_diary_app.framework in Frameworks */,
			);
			runOnlyForDeploymentPostprocessing = 0;
		};
		70C945EC26257A2C0074F829 /* Frameworks */ = {
			isa = PBXFrameworksBuildPhase;
			buildActionMask = 2147483647;
			files = (
				308A7A0ECABFF396224F6C08 /* Pods_diary_appTests.framework in Frameworks */,
			);
			runOnlyForDeploymentPostprocessing = 0;
		};
		70C945F726257A2C0074F829 /* Frameworks */ = {
			isa = PBXFrameworksBuildPhase;
			buildActionMask = 2147483647;
			files = (
				78E9E8C8ED890B5DD42F77EA /* Pods_diary_app_diary_appUITests.framework in Frameworks */,
			);
			runOnlyForDeploymentPostprocessing = 0;
		};
/* End PBXFrameworksBuildPhase section */

/* Begin PBXGroup section */
		549C86EA5154FEBA55CF9B48 /* Frameworks */ = {
			isa = PBXGroup;
			children = (
				57A5B598EF1561F30AAEC2E4 /* Pods_diary_app.framework */,
				EE96CBF35F16E29BC5CCEBD6 /* Pods_diary_app_diary_appUITests.framework */,
				80D5E26D548E5AB62DA5F157 /* Pods_diary_appTests.framework */,
			);
			name = Frameworks;
			sourceTree = "<group>";
		};
		704B009E27FF2C95006B3E2D /* Cell */ = {
			isa = PBXGroup;
			children = (
				704B009827FF2C8D006B3E2D /* TextFieldCell.xib */,
				704B009727FF2C8D006B3E2D /* TextFieldCell.swift */,
			);
			path = Cell;
			sourceTree = "<group>";
		};
		704CCE272707FEE800565CDC /* Model */ = {
			isa = PBXGroup;
			children = (
				704CCE282707FF0600565CDC /* DiaryModel.swift */,
				708AD3922709D822002D5201 /* PostDiaryModel.swift */,
				70E5DFDB27E39C2900271067 /* extension.swift */,
				70BBE34327E97B2300C9BA09 /* Photo.swift */,
			);
			path = Model;
			sourceTree = "<group>";
		};
		709F88D42625A18D0058DCA6 /* Contoroller */ = {
			isa = PBXGroup;
			children = (
				70C945E026257A270074F829 /* ViewController.swift */,
				709F88D52625A1B30058DCA6 /* NextViewController.swift */,
				70C3B17C27FAC5DF00E2A320 /* ImageViewController.swift */,
			);
			path = Contoroller;
			sourceTree = "<group>";
		};
		70C945D026257A270074F829 = {
			isa = PBXGroup;
			children = (
				70C945DB26257A270074F829 /* diary-app */,
				70C945F226257A2C0074F829 /* diary-appTests */,
				70C945FD26257A2C0074F829 /* diary-appUITests */,
				70C945DA26257A270074F829 /* Products */,
				AC181F03A2ADE0FC28E6CE10 /* Pods */,
				549C86EA5154FEBA55CF9B48 /* Frameworks */,
			);
			sourceTree = "<group>";
		};
		70C945DA26257A270074F829 /* Products */ = {
			isa = PBXGroup;
			children = (
				70C945D926257A270074F829 /* diary-app.app */,
				70C945EF26257A2C0074F829 /* diary-appTests.xctest */,
				70C945FA26257A2C0074F829 /* diary-appUITests.xctest */,
			);
			name = Products;
			sourceTree = "<group>";
		};
		70C945DB26257A270074F829 /* diary-app */ = {
			isa = PBXGroup;
			children = (
				704B009E27FF2C95006B3E2D /* Cell */,
				704CCE272707FEE800565CDC /* Model */,
				709F88D42625A18D0058DCA6 /* Contoroller */,
				70C945DC26257A270074F829 /* AppDelegate.swift */,
				70C945DE26257A270074F829 /* SceneDelegate.swift */,
				70C945E226257A270074F829 /* Main.storyboard */,
				70C945E526257A2C0074F829 /* Assets.xcassets */,
				70C945E726257A2C0074F829 /* LaunchScreen.storyboard */,
				70C945EA26257A2C0074F829 /* Info.plist */,
			);
			path = "diary-app";
			sourceTree = "<group>";
		};
		70C945F226257A2C0074F829 /* diary-appTests */ = {
			isa = PBXGroup;
			children = (
				70C945F326257A2C0074F829 /* diary_appTests.swift */,
				70C945F526257A2C0074F829 /* Info.plist */,
			);
			path = "diary-appTests";
			sourceTree = "<group>";
		};
		70C945FD26257A2C0074F829 /* diary-appUITests */ = {
			isa = PBXGroup;
			children = (
				70C945FE26257A2C0074F829 /* diary_appUITests.swift */,
				70C9460026257A2C0074F829 /* Info.plist */,
			);
			path = "diary-appUITests";
			sourceTree = "<group>";
		};
		AC181F03A2ADE0FC28E6CE10 /* Pods */ = {
			isa = PBXGroup;
			children = (
				266706B06A0C1544037B7E41 /* Pods-diary-app.debug.xcconfig */,
				6C34FABDF3E9FDD5B85E0E74 /* Pods-diary-app.release.xcconfig */,
				7062E6B301E03B09A8FA14FE /* Pods-diary-app-diary-appUITests.debug.xcconfig */,
				E19638D2C34CD0228DE84FE9 /* Pods-diary-app-diary-appUITests.release.xcconfig */,
				BFF2F5E1F1176CD379DCB460 /* Pods-diary-appTests.debug.xcconfig */,
				9DE27A5FBEE87A6CE67BCF5B /* Pods-diary-appTests.release.xcconfig */,
			);
			path = Pods;
			sourceTree = "<group>";
		};
/* End PBXGroup section */

/* Begin PBXNativeTarget section */
		70C945D826257A270074F829 /* diary-app */ = {
			isa = PBXNativeTarget;
			buildConfigurationList = 70C9460326257A2C0074F829 /* Build configuration list for PBXNativeTarget "diary-app" */;
			buildPhases = (
				83FF3CBCBAE4F41DF5F417F1 /* [CP] Check Pods Manifest.lock */,
				70C945D526257A270074F829 /* Sources */,
				70C945D626257A270074F829 /* Frameworks */,
				70C945D726257A270074F829 /* Resources */,
				222DEA23F951885453E5B91D /* [CP] Copy Pods Resources */,
			);
			buildRules = (
			);
			dependencies = (
			);
			name = "diary-app";
			productName = "diary-app";
			productReference = 70C945D926257A270074F829 /* diary-app.app */;
			productType = "com.apple.product-type.application";
		};
		70C945EE26257A2C0074F829 /* diary-appTests */ = {
			isa = PBXNativeTarget;
			buildConfigurationList = 70C9460626257A2C0074F829 /* Build configuration list for PBXNativeTarget "diary-appTests" */;
			buildPhases = (
				DEF515C5CB65FB33FF50CE86 /* [CP] Check Pods Manifest.lock */,
				70C945EB26257A2C0074F829 /* Sources */,
				70C945EC26257A2C0074F829 /* Frameworks */,
				70C945ED26257A2C0074F829 /* Resources */,
			);
			buildRules = (
			);
			dependencies = (
				70C945F126257A2C0074F829 /* PBXTargetDependency */,
			);
			name = "diary-appTests";
			productName = "diary-appTests";
			productReference = 70C945EF26257A2C0074F829 /* diary-appTests.xctest */;
			productType = "com.apple.product-type.bundle.unit-test";
		};
		70C945F926257A2C0074F829 /* diary-appUITests */ = {
			isa = PBXNativeTarget;
			buildConfigurationList = 70C9460926257A2C0074F829 /* Build configuration list for PBXNativeTarget "diary-appUITests" */;
			buildPhases = (
				A0F9055441AE74E306D745E8 /* [CP] Check Pods Manifest.lock */,
				70C945F626257A2C0074F829 /* Sources */,
				70C945F726257A2C0074F829 /* Frameworks */,
				70C945F826257A2C0074F829 /* Resources */,
				F06D864AAB18630D86F3E808 /* [CP] Copy Pods Resources */,
			);
			buildRules = (
			);
			dependencies = (
				70C945FC26257A2C0074F829 /* PBXTargetDependency */,
			);
			name = "diary-appUITests";
			productName = "diary-appUITests";
			productReference = 70C945FA26257A2C0074F829 /* diary-appUITests.xctest */;
			productType = "com.apple.product-type.bundle.ui-testing";
		};
/* End PBXNativeTarget section */

/* Begin PBXProject section */
		70C945D126257A270074F829 /* Project object */ = {
			isa = PBXProject;
			attributes = {
				LastSwiftUpdateCheck = 1240;
				LastUpgradeCheck = 1240;
				TargetAttributes = {
					70C945D826257A270074F829 = {
						CreatedOnToolsVersion = 12.4;
					};
					70C945EE26257A2C0074F829 = {
						CreatedOnToolsVersion = 12.4;
						TestTargetID = 70C945D826257A270074F829;
					};
					70C945F926257A2C0074F829 = {
						CreatedOnToolsVersion = 12.4;
						TestTargetID = 70C945D826257A270074F829;
					};
				};
			};
			buildConfigurationList = 70C945D426257A270074F829 /* Build configuration list for PBXProject "diary-app" */;
			compatibilityVersion = "Xcode 9.3";
			developmentRegion = en;
			hasScannedForEncodings = 0;
			knownRegions = (
				en,
				Base,
				ja,
			);
			mainGroup = 70C945D026257A270074F829;
			productRefGroup = 70C945DA26257A270074F829 /* Products */;
			projectDirPath = "";
			projectRoot = "";
			targets = (
				70C945D826257A270074F829 /* diary-app */,
				70C945EE26257A2C0074F829 /* diary-appTests */,
				70C945F926257A2C0074F829 /* diary-appUITests */,
			);
		};
/* End PBXProject section */

/* Begin PBXResourcesBuildPhase section */
		70C945D726257A270074F829 /* Resources */ = {
			isa = PBXResourcesBuildPhase;
			buildActionMask = 2147483647;
			files = (
				70C945E926257A2C0074F829 /* LaunchScreen.storyboard in Resources */,
				70C945E626257A2C0074F829 /* Assets.xcassets in Resources */,
				70C945E426257A270074F829 /* Main.storyboard in Resources */,
				704B009A27FF2C8D006B3E2D /* TextFieldCell.xib in Resources */,
			);
			runOnlyForDeploymentPostprocessing = 0;
		};
		70C945ED26257A2C0074F829 /* Resources */ = {
			isa = PBXResourcesBuildPhase;
			buildActionMask = 2147483647;
			files = (
			);
			runOnlyForDeploymentPostprocessing = 0;
		};
		70C945F826257A2C0074F829 /* Resources */ = {
			isa = PBXResourcesBuildPhase;
			buildActionMask = 2147483647;
			files = (
			);
			runOnlyForDeploymentPostprocessing = 0;
		};
/* End PBXResourcesBuildPhase section */

/* Begin PBXShellScriptBuildPhase section */
		222DEA23F951885453E5B91D /* [CP] Copy Pods Resources */ = {
			isa = PBXShellScriptBuildPhase;
			buildActionMask = 2147483647;
			files = (
			);
			inputFileListPaths = (
				"${PODS_ROOT}/Target Support Files/Pods-diary-app/Pods-diary-app-resources-${CONFIGURATION}-input-files.xcfilelist",
			);
			name = "[CP] Copy Pods Resources";
			outputFileListPaths = (
				"${PODS_ROOT}/Target Support Files/Pods-diary-app/Pods-diary-app-resources-${CONFIGURATION}-output-files.xcfilelist",
			);
			runOnlyForDeploymentPostprocessing = 0;
			shellPath = /bin/sh;
			shellScript = "\"${PODS_ROOT}/Target Support Files/Pods-diary-app/Pods-diary-app-resources.sh\"\n";
			showEnvVarsInLog = 0;
		};
		83FF3CBCBAE4F41DF5F417F1 /* [CP] Check Pods Manifest.lock */ = {
			isa = PBXShellScriptBuildPhase;
			buildActionMask = 2147483647;
			files = (
			);
			inputFileListPaths = (
			);
			inputPaths = (
				"${PODS_PODFILE_DIR_PATH}/Podfile.lock",
				"${PODS_ROOT}/Manifest.lock",
			);
			name = "[CP] Check Pods Manifest.lock";
			outputFileListPaths = (
			);
			outputPaths = (
				"$(DERIVED_FILE_DIR)/Pods-diary-app-checkManifestLockResult.txt",
			);
			runOnlyForDeploymentPostprocessing = 0;
			shellPath = /bin/sh;
			shellScript = "diff \"${PODS_PODFILE_DIR_PATH}/Podfile.lock\" \"${PODS_ROOT}/Manifest.lock\" > /dev/null\nif [ $? != 0 ] ; then\n    # print error to STDERR\n    echo \"error: The sandbox is not in sync with the Podfile.lock. Run 'pod install' or update your CocoaPods installation.\" >&2\n    exit 1\nfi\n# This output is used by Xcode 'outputs' to avoid re-running this script phase.\necho \"SUCCESS\" > \"${SCRIPT_OUTPUT_FILE_0}\"\n";
			showEnvVarsInLog = 0;
		};
		A0F9055441AE74E306D745E8 /* [CP] Check Pods Manifest.lock */ = {
			isa = PBXShellScriptBuildPhase;
			buildActionMask = 2147483647;
			files = (
			);
			inputFileListPaths = (
			);
			inputPaths = (
				"${PODS_PODFILE_DIR_PATH}/Podfile.lock",
				"${PODS_ROOT}/Manifest.lock",
			);
			name = "[CP] Check Pods Manifest.lock";
			outputFileListPaths = (
			);
			outputPaths = (
				"$(DERIVED_FILE_DIR)/Pods-diary-app-diary-appUITests-checkManifestLockResult.txt",
			);
			runOnlyForDeploymentPostprocessing = 0;
			shellPath = /bin/sh;
			shellScript = "diff \"${PODS_PODFILE_DIR_PATH}/Podfile.lock\" \"${PODS_ROOT}/Manifest.lock\" > /dev/null\nif [ $? != 0 ] ; then\n    # print error to STDERR\n    echo \"error: The sandbox is not in sync with the Podfile.lock. Run 'pod install' or update your CocoaPods installation.\" >&2\n    exit 1\nfi\n# This output is used by Xcode 'outputs' to avoid re-running this script phase.\necho \"SUCCESS\" > \"${SCRIPT_OUTPUT_FILE_0}\"\n";
			showEnvVarsInLog = 0;
		};
		DEF515C5CB65FB33FF50CE86 /* [CP] Check Pods Manifest.lock */ = {
			isa = PBXShellScriptBuildPhase;
			buildActionMask = 2147483647;
			files = (
			);
			inputFileListPaths = (
			);
			inputPaths = (
				"${PODS_PODFILE_DIR_PATH}/Podfile.lock",
				"${PODS_ROOT}/Manifest.lock",
			);
			name = "[CP] Check Pods Manifest.lock";
			outputFileListPaths = (
			);
			outputPaths = (
				"$(DERIVED_FILE_DIR)/Pods-diary-appTests-checkManifestLockResult.txt",
			);
			runOnlyForDeploymentPostprocessing = 0;
			shellPath = /bin/sh;
			shellScript = "diff \"${PODS_PODFILE_DIR_PATH}/Podfile.lock\" \"${PODS_ROOT}/Manifest.lock\" > /dev/null\nif [ $? != 0 ] ; then\n    # print error to STDERR\n    echo \"error: The sandbox is not in sync with the Podfile.lock. Run 'pod install' or update your CocoaPods installation.\" >&2\n    exit 1\nfi\n# This output is used by Xcode 'outputs' to avoid re-running this script phase.\necho \"SUCCESS\" > \"${SCRIPT_OUTPUT_FILE_0}\"\n";
			showEnvVarsInLog = 0;
		};
		F06D864AAB18630D86F3E808 /* [CP] Copy Pods Resources */ = {
			isa = PBXShellScriptBuildPhase;
			buildActionMask = 2147483647;
			files = (
			);
			inputFileListPaths = (
				"${PODS_ROOT}/Target Support Files/Pods-diary-app-diary-appUITests/Pods-diary-app-diary-appUITests-resources-${CONFIGURATION}-input-files.xcfilelist",
			);
			name = "[CP] Copy Pods Resources";
			outputFileListPaths = (
				"${PODS_ROOT}/Target Support Files/Pods-diary-app-diary-appUITests/Pods-diary-app-diary-appUITests-resources-${CONFIGURATION}-output-files.xcfilelist",
			);
			runOnlyForDeploymentPostprocessing = 0;
			shellPath = /bin/sh;
			shellScript = "\"${PODS_ROOT}/Target Support Files/Pods-diary-app-diary-appUITests/Pods-diary-app-diary-appUITests-resources.sh\"\n";
			showEnvVarsInLog = 0;
		};
/* End PBXShellScriptBuildPhase section */

/* Begin PBXSourcesBuildPhase section */
		70C945D526257A270074F829 /* Sources */ = {
			isa = PBXSourcesBuildPhase;
			buildActionMask = 2147483647;
			files = (
				70BBE34427E97B2300C9BA09 /* Photo.swift in Sources */,
				70C3B17D27FAC5DF00E2A320 /* ImageViewController.swift in Sources */,
				70C945E126257A270074F829 /* ViewController.swift in Sources */,
				709F88D62625A1B30058DCA6 /* NextViewController.swift in Sources */,
				70C945DD26257A270074F829 /* AppDelegate.swift in Sources */,
				704CCE292707FF0600565CDC /* DiaryModel.swift in Sources */,
				70C945DF26257A270074F829 /* SceneDelegate.swift in Sources */,
				708AD3932709D822002D5201 /* PostDiaryModel.swift in Sources */,
				70E5DFDC27E39C2900271067 /* extension.swift in Sources */,
				704B009927FF2C8D006B3E2D /* TextFieldCell.swift in Sources */,
			);
			runOnlyForDeploymentPostprocessing = 0;
		};
		70C945EB26257A2C0074F829 /* Sources */ = {
			isa = PBXSourcesBuildPhase;
			buildActionMask = 2147483647;
			files = (
				70C945F426257A2C0074F829 /* diary_appTests.swift in Sources */,
			);
			runOnlyForDeploymentPostprocessing = 0;
		};
		70C945F626257A2C0074F829 /* Sources */ = {
			isa = PBXSourcesBuildPhase;
			buildActionMask = 2147483647;
			files = (
				70C945FF26257A2C0074F829 /* diary_appUITests.swift in Sources */,
			);
			runOnlyForDeploymentPostprocessing = 0;
		};
/* End PBXSourcesBuildPhase section */

/* Begin PBXTargetDependency section */
		70C945F126257A2C0074F829 /* PBXTargetDependency */ = {
			isa = PBXTargetDependency;
			target = 70C945D826257A270074F829 /* diary-app */;
			targetProxy = 70C945F026257A2C0074F829 /* PBXContainerItemProxy */;
		};
		70C945FC26257A2C0074F829 /* PBXTargetDependency */ = {
			isa = PBXTargetDependency;
			target = 70C945D826257A270074F829 /* diary-app */;
			targetProxy = 70C945FB26257A2C0074F829 /* PBXContainerItemProxy */;
		};
/* End PBXTargetDependency section */

/* Begin PBXVariantGroup section */
		70C945E226257A270074F829 /* Main.storyboard */ = {
			isa = PBXVariantGroup;
			children = (
				70C945E326257A270074F829 /* Base */,
				704E56E32782E18600E52E45 /* ja */,
			);
			name = Main.storyboard;
			sourceTree = "<group>";
		};
		70C945E726257A2C0074F829 /* LaunchScreen.storyboard */ = {
			isa = PBXVariantGroup;
			children = (
				70C945E826257A2C0074F829 /* Base */,
				704E56E42782E18600E52E45 /* ja */,
			);
			name = LaunchScreen.storyboard;
			sourceTree = "<group>";
		};
/* End PBXVariantGroup section */

/* Begin XCBuildConfiguration section */
		70C9460126257A2C0074F829 /* Debug */ = {
			isa = XCBuildConfiguration;
			buildSettings = {
				ALWAYS_SEARCH_USER_PATHS = NO;
				CLANG_ANALYZER_LOCALIZABILITY_NONLOCALIZED = YES;
				CLANG_ANALYZER_NONNULL = YES;
				CLANG_ANALYZER_NUMBER_OBJECT_CONVERSION = YES_AGGRESSIVE;
				CLANG_CXX_LANGUAGE_STANDARD = "gnu++14";
				CLANG_CXX_LIBRARY = "libc++";
				CLANG_ENABLE_MODULES = YES;
				CLANG_ENABLE_OBJC_ARC = YES;
				CLANG_ENABLE_OBJC_WEAK = YES;
				CLANG_WARN_BLOCK_CAPTURE_AUTORELEASING = YES;
				CLANG_WARN_BOOL_CONVERSION = YES;
				CLANG_WARN_COMMA = YES;
				CLANG_WARN_CONSTANT_CONVERSION = YES;
				CLANG_WARN_DEPRECATED_OBJC_IMPLEMENTATIONS = YES;
				CLANG_WARN_DIRECT_OBJC_ISA_USAGE = YES_ERROR;
				CLANG_WARN_DOCUMENTATION_COMMENTS = YES;
				CLANG_WARN_EMPTY_BODY = YES;
				CLANG_WARN_ENUM_CONVERSION = YES;
				CLANG_WARN_INFINITE_RECURSION = YES;
				CLANG_WARN_INT_CONVERSION = YES;
				CLANG_WARN_NON_LITERAL_NULL_CONVERSION = YES;
				CLANG_WARN_OBJC_IMPLICIT_RETAIN_SELF = YES;
				CLANG_WARN_OBJC_LITERAL_CONVERSION = YES;
				CLANG_WARN_OBJC_ROOT_CLASS = YES_ERROR;
				CLANG_WARN_QUOTED_INCLUDE_IN_FRAMEWORK_HEADER = YES;
				CLANG_WARN_RANGE_LOOP_ANALYSIS = YES;
				CLANG_WARN_STRICT_PROTOTYPES = YES;
				CLANG_WARN_SUSPICIOUS_MOVE = YES;
				CLANG_WARN_UNGUARDED_AVAILABILITY = YES_AGGRESSIVE;
				CLANG_WARN_UNREACHABLE_CODE = YES;
				CLANG_WARN__DUPLICATE_METHOD_MATCH = YES;
				COPY_PHASE_STRIP = NO;
				DEBUG_INFORMATION_FORMAT = dwarf;
				ENABLE_STRICT_OBJC_MSGSEND = YES;
				ENABLE_TESTABILITY = YES;
				GCC_C_LANGUAGE_STANDARD = gnu11;
				GCC_DYNAMIC_NO_PIC = NO;
				GCC_NO_COMMON_BLOCKS = YES;
				GCC_OPTIMIZATION_LEVEL = 0;
				GCC_PREPROCESSOR_DEFINITIONS = (
					"DEBUG=1",
					"$(inherited)",
				);
				GCC_WARN_64_TO_32_BIT_CONVERSION = YES;
				GCC_WARN_ABOUT_RETURN_TYPE = YES_ERROR;
				GCC_WARN_UNDECLARED_SELECTOR = YES;
				GCC_WARN_UNINITIALIZED_AUTOS = YES_AGGRESSIVE;
				GCC_WARN_UNUSED_FUNCTION = YES;
				GCC_WARN_UNUSED_VARIABLE = YES;
				IPHONEOS_DEPLOYMENT_TARGET = 14.4;
				MTL_ENABLE_DEBUG_INFO = INCLUDE_SOURCE;
				MTL_FAST_MATH = YES;
				ONLY_ACTIVE_ARCH = YES;
				SDKROOT = iphoneos;
				SWIFT_ACTIVE_COMPILATION_CONDITIONS = DEBUG;
				SWIFT_OPTIMIZATION_LEVEL = "-Onone";
			};
			name = Debug;
		};
		70C9460226257A2C0074F829 /* Release */ = {
			isa = XCBuildConfiguration;
			buildSettings = {
				ALWAYS_SEARCH_USER_PATHS = NO;
				CLANG_ANALYZER_LOCALIZABILITY_NONLOCALIZED = YES;
				CLANG_ANALYZER_NONNULL = YES;
				CLANG_ANALYZER_NUMBER_OBJECT_CONVERSION = YES_AGGRESSIVE;
				CLANG_CXX_LANGUAGE_STANDARD = "gnu++14";
				CLANG_CXX_LIBRARY = "libc++";
				CLANG_ENABLE_MODULES = YES;
				CLANG_ENABLE_OBJC_ARC = YES;
				CLANG_ENABLE_OBJC_WEAK = YES;
				CLANG_WARN_BLOCK_CAPTURE_AUTORELEASING = YES;
				CLANG_WARN_BOOL_CONVERSION = YES;
				CLANG_WARN_COMMA = YES;
				CLANG_WARN_CONSTANT_CONVERSION = YES;
				CLANG_WARN_DEPRECATED_OBJC_IMPLEMENTATIONS = YES;
				CLANG_WARN_DIRECT_OBJC_ISA_USAGE = YES_ERROR;
				CLANG_WARN_DOCUMENTATION_COMMENTS = YES;
				CLANG_WARN_EMPTY_BODY = YES;
				CLANG_WARN_ENUM_CONVERSION = YES;
				CLANG_WARN_INFINITE_RECURSION = YES;
				CLANG_WARN_INT_CONVERSION = YES;
				CLANG_WARN_NON_LITERAL_NULL_CONVERSION = YES;
				CLANG_WARN_OBJC_IMPLICIT_RETAIN_SELF = YES;
				CLANG_WARN_OBJC_LITERAL_CONVERSION = YES;
				CLANG_WARN_OBJC_ROOT_CLASS = YES_ERROR;
				CLANG_WARN_QUOTED_INCLUDE_IN_FRAMEWORK_HEADER = YES;
				CLANG_WARN_RANGE_LOOP_ANALYSIS = YES;
				CLANG_WARN_STRICT_PROTOTYPES = YES;
				CLANG_WARN_SUSPICIOUS_MOVE = YES;
				CLANG_WARN_UNGUARDED_AVAILABILITY = YES_AGGRESSIVE;
				CLANG_WARN_UNREACHABLE_CODE = YES;
				CLANG_WARN__DUPLICATE_METHOD_MATCH = YES;
				COPY_PHASE_STRIP = NO;
				DEBUG_INFORMATION_FORMAT = "dwarf-with-dsym";
				ENABLE_NS_ASSERTIONS = NO;
				ENABLE_STRICT_OBJC_MSGSEND = YES;
				GCC_C_LANGUAGE_STANDARD = gnu11;
				GCC_NO_COMMON_BLOCKS = YES;
				GCC_WARN_64_TO_32_BIT_CONVERSION = YES;
				GCC_WARN_ABOUT_RETURN_TYPE = YES_ERROR;
				GCC_WARN_UNDECLARED_SELECTOR = YES;
				GCC_WARN_UNINITIALIZED_AUTOS = YES_AGGRESSIVE;
				GCC_WARN_UNUSED_FUNCTION = YES;
				GCC_WARN_UNUSED_VARIABLE = YES;
				IPHONEOS_DEPLOYMENT_TARGET = 14.4;
				MTL_ENABLE_DEBUG_INFO = NO;
				MTL_FAST_MATH = YES;
				SDKROOT = iphoneos;
				SWIFT_COMPILATION_MODE = wholemodule;
				SWIFT_OPTIMIZATION_LEVEL = "-O";
				VALIDATE_PRODUCT = YES;
			};
			name = Release;
		};
		70C9460426257A2C0074F829 /* Debug */ = {
			isa = XCBuildConfiguration;
			baseConfigurationReference = 266706B06A0C1544037B7E41 /* Pods-diary-app.debug.xcconfig */;
			buildSettings = {
				ASSETCATALOG_COMPILER_APPICON_NAME = AppIcon;
				ASSETCATALOG_COMPILER_GLOBAL_ACCENT_COLOR_NAME = AccentColor;
				CODE_SIGN_STYLE = Automatic;
				CURRENT_PROJECT_VERSION = 1.61;
				DEVELOPMENT_TEAM = YA5HXFT63V;
				INFOPLIST_FILE = "diary-app/Info.plist";
				IPHONEOS_DEPLOYMENT_TARGET = 14.1;
				LD_RUNPATH_SEARCH_PATHS = (
					"$(inherited)",
					"@executable_path/Frameworks",
				);
				MARKETING_VERSION = 1.61;
				PRODUCT_BUNDLE_IDENTIFIER = "com.syoyabu.diary-app";
				PRODUCT_NAME = "$(TARGET_NAME)";
				SWIFT_VERSION = 5.0;
				TARGETED_DEVICE_FAMILY = 1;
			};
			name = Debug;
		};
		70C9460526257A2C0074F829 /* Release */ = {
			isa = XCBuildConfiguration;
			baseConfigurationReference = 6C34FABDF3E9FDD5B85E0E74 /* Pods-diary-app.release.xcconfig */;
			buildSettings = {
				ASSETCATALOG_COMPILER_APPICON_NAME = AppIcon;
				ASSETCATALOG_COMPILER_GLOBAL_ACCENT_COLOR_NAME = AccentColor;
				CODE_SIGN_STYLE = Automatic;
				CURRENT_PROJECT_VERSION = 1.61;
				DEVELOPMENT_TEAM = YA5HXFT63V;
				INFOPLIST_FILE = "diary-app/Info.plist";
				IPHONEOS_DEPLOYMENT_TARGET = 14.1;
				LD_RUNPATH_SEARCH_PATHS = (
					"$(inherited)",
					"@executable_path/Frameworks",
				);
				MARKETING_VERSION = 1.61;
				PRODUCT_BUNDLE_IDENTIFIER = "com.syoyabu.diary-app";
				PRODUCT_NAME = "$(TARGET_NAME)";
				SWIFT_VERSION = 5.0;
				TARGETED_DEVICE_FAMILY = 1;
			};
			name = Release;
		};
		70C9460726257A2C0074F829 /* Debug */ = {
			isa = XCBuildConfiguration;
			baseConfigurationReference = BFF2F5E1F1176CD379DCB460 /* Pods-diary-appTests.debug.xcconfig */;
			buildSettings = {
				ALWAYS_EMBED_SWIFT_STANDARD_LIBRARIES = YES;
				BUNDLE_LOADER = "$(TEST_HOST)";
				CODE_SIGN_STYLE = Automatic;
				DEVELOPMENT_TEAM = YA5HXFT63V;
				INFOPLIST_FILE = "diary-appTests/Info.plist";
				IPHONEOS_DEPLOYMENT_TARGET = 14.4;
				LD_RUNPATH_SEARCH_PATHS = (
					"$(inherited)",
					"@executable_path/Frameworks",
					"@loader_path/Frameworks",
				);
				PRODUCT_BUNDLE_IDENTIFIER = "com.syoyabu.diary-appTests";
				PRODUCT_NAME = "$(TARGET_NAME)";
				SWIFT_VERSION = 5.0;
				TARGETED_DEVICE_FAMILY = "1,2";
				TEST_HOST = "$(BUILT_PRODUCTS_DIR)/diary-app.app/diary-app";
			};
			name = Debug;
		};
		70C9460826257A2C0074F829 /* Release */ = {
			isa = XCBuildConfiguration;
			baseConfigurationReference = 9DE27A5FBEE87A6CE67BCF5B /* Pods-diary-appTests.release.xcconfig */;
			buildSettings = {
				ALWAYS_EMBED_SWIFT_STANDARD_LIBRARIES = YES;
				BUNDLE_LOADER = "$(TEST_HOST)";
				CODE_SIGN_STYLE = Automatic;
				DEVELOPMENT_TEAM = YA5HXFT63V;
				INFOPLIST_FILE = "diary-appTests/Info.plist";
				IPHONEOS_DEPLOYMENT_TARGET = 14.4;
				LD_RUNPATH_SEARCH_PATHS = (
					"$(inherited)",
					"@executable_path/Frameworks",
					"@loader_path/Frameworks",
				);
				PRODUCT_BUNDLE_IDENTIFIER = "com.syoyabu.diary-appTests";
				PRODUCT_NAME = "$(TARGET_NAME)";
				SWIFT_VERSION = 5.0;
				TARGETED_DEVICE_FAMILY = "1,2";
				TEST_HOST = "$(BUILT_PRODUCTS_DIR)/diary-app.app/diary-app";
			};
			name = Release;
		};
		70C9460A26257A2C0074F829 /* Debug */ = {
			isa = XCBuildConfiguration;
			baseConfigurationReference = 7062E6B301E03B09A8FA14FE /* Pods-diary-app-diary-appUITests.debug.xcconfig */;
			buildSettings = {
				ALWAYS_EMBED_SWIFT_STANDARD_LIBRARIES = YES;
				CODE_SIGN_STYLE = Automatic;
				DEVELOPMENT_TEAM = YA5HXFT63V;
				INFOPLIST_FILE = "diary-appUITests/Info.plist";
				LD_RUNPATH_SEARCH_PATHS = (
					"$(inherited)",
					"@executable_path/Frameworks",
					"@loader_path/Frameworks",
				);
				PRODUCT_BUNDLE_IDENTIFIER = "com.syoyabu.diary-appUITests";
				PRODUCT_NAME = "$(TARGET_NAME)";
				SWIFT_VERSION = 5.0;
				TARGETED_DEVICE_FAMILY = "1,2";
				TEST_TARGET_NAME = "diary-app";
			};
			name = Debug;
		};
		70C9460B26257A2C0074F829 /* Release */ = {
			isa = XCBuildConfiguration;
			baseConfigurationReference = E19638D2C34CD0228DE84FE9 /* Pods-diary-app-diary-appUITests.release.xcconfig */;
			buildSettings = {
				ALWAYS_EMBED_SWIFT_STANDARD_LIBRARIES = YES;
				CODE_SIGN_STYLE = Automatic;
				DEVELOPMENT_TEAM = YA5HXFT63V;
				INFOPLIST_FILE = "diary-appUITests/Info.plist";
				LD_RUNPATH_SEARCH_PATHS = (
					"$(inherited)",
					"@executable_path/Frameworks",
					"@loader_path/Frameworks",
				);
				PRODUCT_BUNDLE_IDENTIFIER = "com.syoyabu.diary-appUITests";
				PRODUCT_NAME = "$(TARGET_NAME)";
				SWIFT_VERSION = 5.0;
				TARGETED_DEVICE_FAMILY = "1,2";
				TEST_TARGET_NAME = "diary-app";
			};
			name = Release;
		};
/* End XCBuildConfiguration section */

/* Begin XCConfigurationList section */
		70C945D426257A270074F829 /* Build configuration list for PBXProject "diary-app" */ = {
			isa = XCConfigurationList;
			buildConfigurations = (
				70C9460126257A2C0074F829 /* Debug */,
				70C9460226257A2C0074F829 /* Release */,
			);
			defaultConfigurationIsVisible = 0;
			defaultConfigurationName = Release;
		};
		70C9460326257A2C0074F829 /* Build configuration list for PBXNativeTarget "diary-app" */ = {
			isa = XCConfigurationList;
			buildConfigurations = (
				70C9460426257A2C0074F829 /* Debug */,
				70C9460526257A2C0074F829 /* Release */,
			);
			defaultConfigurationIsVisible = 0;
			defaultConfigurationName = Release;
		};
		70C9460626257A2C0074F829 /* Build configuration list for PBXNativeTarget "diary-appTests" */ = {
			isa = XCConfigurationList;
			buildConfigurations = (
				70C9460726257A2C0074F829 /* Debug */,
				70C9460826257A2C0074F829 /* Release */,
			);
			defaultConfigurationIsVisible = 0;
			defaultConfigurationName = Release;
		};
		70C9460926257A2C0074F829 /* Build configuration list for PBXNativeTarget "diary-appUITests" */ = {
			isa = XCConfigurationList;
			buildConfigurations = (
				70C9460A26257A2C0074F829 /* Debug */,
				70C9460B26257A2C0074F829 /* Release */,
			);
			defaultConfigurationIsVisible = 0;
			defaultConfigurationName = Release;
		};
/* End XCConfigurationList section */
	};
	rootObject = 70C945D126257A270074F829 /* Project object */;
}
